// !$*UTF8*$!
{
	archiveVersion = 1;
	classes = {
	};
	objectVersion = 56;
	objects = {

/* Begin PBXBuildFile section */
		CF29162D2AE030E400DB2CB4 /* AppDelegate.swift in Sources */ = {isa = PBXBuildFile; fileRef = CF29162C2AE030E400DB2CB4 /* AppDelegate.swift */; };
		CF29162F2AE030E400DB2CB4 /* SceneDelegate.swift in Sources */ = {isa = PBXBuildFile; fileRef = CF29162E2AE030E400DB2CB4 /* SceneDelegate.swift */; };
		CF2916362AE030E500DB2CB4 /* Assets.xcassets in Resources */ = {isa = PBXBuildFile; fileRef = CF2916352AE030E500DB2CB4 /* Assets.xcassets */; };
		CF2916392AE030E500DB2CB4 /* LaunchScreen.storyboard in Resources */ = {isa = PBXBuildFile; fileRef = CF2916372AE030E500DB2CB4 /* LaunchScreen.storyboard */; };
		CF29164C2AE035FC00DB2CB4 /* BaseNumbersController.swift in Sources */ = {isa = PBXBuildFile; fileRef = CF29164B2AE035FC00DB2CB4 /* BaseNumbersController.swift */; };
		CF29164F2AE038DA00DB2CB4 /* NumberCell.swift in Sources */ = {isa = PBXBuildFile; fileRef = CF29164E2AE038DA00DB2CB4 /* NumberCell.swift */; };
		CF2916512AE03A6D00DB2CB4 /* UIState.swift in Sources */ = {isa = PBXBuildFile; fileRef = CF2916502AE03A6D00DB2CB4 /* UIState.swift */; };
		CF2916532AE03AD100DB2CB4 /* StatableCell.swift in Sources */ = {isa = PBXBuildFile; fileRef = CF2916522AE03AD100DB2CB4 /* StatableCell.swift */; };
		CF2916552AE03D7300DB2CB4 /* NumbersView.swift in Sources */ = {isa = PBXBuildFile; fileRef = CF2916542AE03D7300DB2CB4 /* NumbersView.swift */; };
		CF2916582AE044D600DB2CB4 /* Colors.swift in Sources */ = {isa = PBXBuildFile; fileRef = CF2916572AE044D600DB2CB4 /* Colors.swift */; };
		CF29165C2AE0488000DB2CB4 /* Strings.swift in Sources */ = {isa = PBXBuildFile; fileRef = CF29165B2AE0488000DB2CB4 /* Strings.swift */; };
		CF29165E2AE049B700DB2CB4 /* NumbersInteractor.swift in Sources */ = {isa = PBXBuildFile; fileRef = CF29165D2AE049B700DB2CB4 /* NumbersInteractor.swift */; };
		CF2916612AE049E000DB2CB4 /* ISimpleNumbersInteractor.swift in Sources */ = {isa = PBXBuildFile; fileRef = CF2916602AE049E000DB2CB4 /* ISimpleNumbersInteractor.swift */; };
		CF2916632AE04A2A00DB2CB4 /* ISimpleNumbersViewOut.swift in Sources */ = {isa = PBXBuildFile; fileRef = CF2916622AE04A2A00DB2CB4 /* ISimpleNumbersViewOut.swift */; };
		CF2916652AE04AB500DB2CB4 /* ISimpleNumbersView.swift in Sources */ = {isa = PBXBuildFile; fileRef = CF2916642AE04AB500DB2CB4 /* ISimpleNumbersView.swift */; };
		CF2916672AE04AE300DB2CB4 /* NumbersPresenter.swift in Sources */ = {isa = PBXBuildFile; fileRef = CF2916662AE04AE300DB2CB4 /* NumbersPresenter.swift */; };
		CF2916692AE04B8600DB2CB4 /* NumbersAssembly.swift in Sources */ = {isa = PBXBuildFile; fileRef = CF2916682AE04B8600DB2CB4 /* NumbersAssembly.swift */; };
		CF29166B2AE0554500DB2CB4 /* SimpleNumbersCalculator.swift in Sources */ = {isa = PBXBuildFile; fileRef = CF29166A2AE0554500DB2CB4 /* SimpleNumbersCalculator.swift */; };
		CF29166D2AE05A5F00DB2CB4 /* ISimpleNumbersInterOut.swift in Sources */ = {isa = PBXBuildFile; fileRef = CF29166C2AE05A5F00DB2CB4 /* ISimpleNumbersInterOut.swift */; };
		CF68D8682AE15E950045731A /* ICalculator.swift in Sources */ = {isa = PBXBuildFile; fileRef = CF68D8672AE15E950045731A /* ICalculator.swift */; };
		CFAF66282AE072EE0061DE1A /* FibNumbersCalculator.swift in Sources */ = {isa = PBXBuildFile; fileRef = CFAF66272AE072EE0061DE1A /* FibNumbersCalculator.swift */; };
/* End PBXBuildFile section */

/* Begin PBXFileReference section */
		CF2916292AE030E400DB2CB4 /* NumbersGenerator.app */ = {isa = PBXFileReference; explicitFileType = wrapper.application; includeInIndex = 0; path = NumbersGenerator.app; sourceTree = BUILT_PRODUCTS_DIR; };
		CF29162C2AE030E400DB2CB4 /* AppDelegate.swift */ = {isa = PBXFileReference; lastKnownFileType = sourcecode.swift; path = AppDelegate.swift; sourceTree = "<group>"; };
		CF29162E2AE030E400DB2CB4 /* SceneDelegate.swift */ = {isa = PBXFileReference; lastKnownFileType = sourcecode.swift; path = SceneDelegate.swift; sourceTree = "<group>"; };
		CF2916352AE030E500DB2CB4 /* Assets.xcassets */ = {isa = PBXFileReference; lastKnownFileType = folder.assetcatalog; path = Assets.xcassets; sourceTree = "<group>"; };
		CF2916382AE030E500DB2CB4 /* Base */ = {isa = PBXFileReference; lastKnownFileType = file.storyboard; name = Base; path = Base.lproj/LaunchScreen.storyboard; sourceTree = "<group>"; };
		CF29163A2AE030E500DB2CB4 /* Info.plist */ = {isa = PBXFileReference; lastKnownFileType = text.plist.xml; path = Info.plist; sourceTree = "<group>"; };
		CF29164B2AE035FC00DB2CB4 /* BaseNumbersController.swift */ = {isa = PBXFileReference; lastKnownFileType = sourcecode.swift; path = BaseNumbersController.swift; sourceTree = "<group>"; };
		CF29164E2AE038DA00DB2CB4 /* NumberCell.swift */ = {isa = PBXFileReference; lastKnownFileType = sourcecode.swift; path = NumberCell.swift; sourceTree = "<group>"; };
		CF2916502AE03A6D00DB2CB4 /* UIState.swift */ = {isa = PBXFileReference; lastKnownFileType = sourcecode.swift; path = UIState.swift; sourceTree = "<group>"; };
		CF2916522AE03AD100DB2CB4 /* StatableCell.swift */ = {isa = PBXFileReference; lastKnownFileType = sourcecode.swift; path = StatableCell.swift; sourceTree = "<group>"; };
		CF2916542AE03D7300DB2CB4 /* NumbersView.swift */ = {isa = PBXFileReference; lastKnownFileType = sourcecode.swift; path = NumbersView.swift; sourceTree = "<group>"; };
		CF2916572AE044D600DB2CB4 /* Colors.swift */ = {isa = PBXFileReference; lastKnownFileType = sourcecode.swift; path = Colors.swift; sourceTree = "<group>"; };
		CF29165B2AE0488000DB2CB4 /* Strings.swift */ = {isa = PBXFileReference; lastKnownFileType = sourcecode.swift; path = Strings.swift; sourceTree = "<group>"; };
		CF29165D2AE049B700DB2CB4 /* NumbersInteractor.swift */ = {isa = PBXFileReference; lastKnownFileType = sourcecode.swift; path = NumbersInteractor.swift; sourceTree = "<group>"; };
		CF2916602AE049E000DB2CB4 /* ISimpleNumbersInteractor.swift */ = {isa = PBXFileReference; lastKnownFileType = sourcecode.swift; path = ISimpleNumbersInteractor.swift; sourceTree = "<group>"; };
		CF2916622AE04A2A00DB2CB4 /* ISimpleNumbersViewOut.swift */ = {isa = PBXFileReference; lastKnownFileType = sourcecode.swift; path = ISimpleNumbersViewOut.swift; sourceTree = "<group>"; };
		CF2916642AE04AB500DB2CB4 /* ISimpleNumbersView.swift */ = {isa = PBXFileReference; lastKnownFileType = sourcecode.swift; path = ISimpleNumbersView.swift; sourceTree = "<group>"; };
		CF2916662AE04AE300DB2CB4 /* NumbersPresenter.swift */ = {isa = PBXFileReference; lastKnownFileType = sourcecode.swift; path = NumbersPresenter.swift; sourceTree = "<group>"; };
		CF2916682AE04B8600DB2CB4 /* NumbersAssembly.swift */ = {isa = PBXFileReference; lastKnownFileType = sourcecode.swift; path = NumbersAssembly.swift; sourceTree = "<group>"; };
		CF29166A2AE0554500DB2CB4 /* SimpleNumbersCalculator.swift */ = {isa = PBXFileReference; lastKnownFileType = sourcecode.swift; path = SimpleNumbersCalculator.swift; sourceTree = "<group>"; };
		CF29166C2AE05A5F00DB2CB4 /* ISimpleNumbersInterOut.swift */ = {isa = PBXFileReference; lastKnownFileType = sourcecode.swift; path = ISimpleNumbersInterOut.swift; sourceTree = "<group>"; };
		CF68D8672AE15E950045731A /* ICalculator.swift */ = {isa = PBXFileReference; lastKnownFileType = sourcecode.swift; path = ICalculator.swift; sourceTree = "<group>"; };
		CFAF66272AE072EE0061DE1A /* FibNumbersCalculator.swift */ = {isa = PBXFileReference; lastKnownFileType = sourcecode.swift; path = FibNumbersCalculator.swift; sourceTree = "<group>"; };
/* End PBXFileReference section */

/* Begin PBXFrameworksBuildPhase section */
		CF2916262AE030E400DB2CB4 /* Frameworks */ = {
			isa = PBXFrameworksBuildPhase;
			buildActionMask = 2147483647;
			files = (
			);
			runOnlyForDeploymentPostprocessing = 0;
		};
/* End PBXFrameworksBuildPhase section */

/* Begin PBXGroup section */
		CF2916202AE030E400DB2CB4 = {
			isa = PBXGroup;
			children = (
				CF29162B2AE030E400DB2CB4 /* NumbersGenerator */,
				CF29162A2AE030E400DB2CB4 /* Products */,
			);
			sourceTree = "<group>";
		};
		CF29162A2AE030E400DB2CB4 /* Products */ = {
			isa = PBXGroup;
			children = (
				CF2916292AE030E400DB2CB4 /* NumbersGenerator.app */,
			);
			name = Products;
			sourceTree = "<group>";
		};
		CF29162B2AE030E400DB2CB4 /* NumbersGenerator */ = {
			isa = PBXGroup;
			children = (
				CF2916562AE03D9700DB2CB4 /* Library */,
				CF2916402AE0318F00DB2CB4 /* Configuration */,
				CF2916412AE031AC00DB2CB4 /* Resources */,
				CF2916422AE0321200DB2CB4 /* Application */,
			);
			path = NumbersGenerator;
			sourceTree = "<group>";
		};
		CF2916402AE0318F00DB2CB4 /* Configuration */ = {
			isa = PBXGroup;
			children = (
				CF29162C2AE030E400DB2CB4 /* AppDelegate.swift */,
				CF29162E2AE030E400DB2CB4 /* SceneDelegate.swift */,
				CF29163A2AE030E500DB2CB4 /* Info.plist */,
			);
			path = Configuration;
			sourceTree = "<group>";
		};
		CF2916412AE031AC00DB2CB4 /* Resources */ = {
			isa = PBXGroup;
			children = (
				CF2916372AE030E500DB2CB4 /* LaunchScreen.storyboard */,
				CF2916352AE030E500DB2CB4 /* Assets.xcassets */,
				CF2916572AE044D600DB2CB4 /* Colors.swift */,
				CF29165B2AE0488000DB2CB4 /* Strings.swift */,
			);
			path = Resources;
			sourceTree = "<group>";
		};
		CF2916422AE0321200DB2CB4 /* Application */ = {
			isa = PBXGroup;
			children = (
				CF2916442AE0322800DB2CB4 /* Domain */,
				CF2916432AE0322400DB2CB4 /* UI */,
			);
			path = Application;
			sourceTree = "<group>";
		};
		CF2916432AE0322400DB2CB4 /* UI */ = {
			isa = PBXGroup;
			children = (
				CF2916452AE0323800DB2CB4 /* Elements */,
				CF2916462AE0324100DB2CB4 /* Flows */,
			);
			path = UI;
			sourceTree = "<group>";
		};
		CF2916442AE0322800DB2CB4 /* Domain */ = {
			isa = PBXGroup;
			children = (
				CF68D8692AE15F8C0045731A /* Calculators */,
			);
			path = Domain;
			sourceTree = "<group>";
		};
		CF2916452AE0323800DB2CB4 /* Elements */ = {
			isa = PBXGroup;
			children = (
				CF29164D2AE038CB00DB2CB4 /* Cells */,
				CF29164A2AE035EA00DB2CB4 /* Controllers */,
			);
			path = Elements;
			sourceTree = "<group>";
		};
		CF2916462AE0324100DB2CB4 /* Flows */ = {
			isa = PBXGroup;
			children = (
				CF2916472AE0324C00DB2CB4 /* GeneratorsFlow */,
			);
			path = Flows;
			sourceTree = "<group>";
		};
		CF2916472AE0324C00DB2CB4 /* GeneratorsFlow */ = {
			isa = PBXGroup;
			children = (
				CF2916482AE0325D00DB2CB4 /* NumbersModule */,
			);
			path = GeneratorsFlow;
			sourceTree = "<group>";
		};
		CF2916482AE0325D00DB2CB4 /* NumbersModule */ = {
			isa = PBXGroup;
			children = (
				CF29165F2AE049CD00DB2CB4 /* Protocols */,
				CF2916542AE03D7300DB2CB4 /* NumbersView.swift */,
				CF2916662AE04AE300DB2CB4 /* NumbersPresenter.swift */,
				CF29165D2AE049B700DB2CB4 /* NumbersInteractor.swift */,
				CF2916682AE04B8600DB2CB4 /* NumbersAssembly.swift */,
			);
			path = NumbersModule;
			sourceTree = "<group>";
		};
		CF29164A2AE035EA00DB2CB4 /* Controllers */ = {
			isa = PBXGroup;
			children = (
				CF29164B2AE035FC00DB2CB4 /* BaseNumbersController.swift */,
			);
			path = Controllers;
			sourceTree = "<group>";
		};
		CF29164D2AE038CB00DB2CB4 /* Cells */ = {
			isa = PBXGroup;
			children = (
				CF2916522AE03AD100DB2CB4 /* StatableCell.swift */,
				CF29164E2AE038DA00DB2CB4 /* NumberCell.swift */,
			);
			path = Cells;
			sourceTree = "<group>";
		};
		CF2916562AE03D9700DB2CB4 /* Library */ = {
			isa = PBXGroup;
			children = (
				CF2916502AE03A6D00DB2CB4 /* UIState.swift */,
			);
			path = Library;
			sourceTree = "<group>";
		};
		CF29165F2AE049CD00DB2CB4 /* Protocols */ = {
			isa = PBXGroup;
			children = (
				CF2916642AE04AB500DB2CB4 /* ISimpleNumbersView.swift */,
				CF2916622AE04A2A00DB2CB4 /* ISimpleNumbersViewOut.swift */,
				CF29166C2AE05A5F00DB2CB4 /* ISimpleNumbersInterOut.swift */,
				CF2916602AE049E000DB2CB4 /* ISimpleNumbersInteractor.swift */,
			);
			path = Protocols;
			sourceTree = "<group>";
		};
		CF68D8692AE15F8C0045731A /* Calculators */ = {
			isa = PBXGroup;
			children = (
				CF68D8672AE15E950045731A /* ICalculator.swift */,
				CF29166A2AE0554500DB2CB4 /* SimpleNumbersCalculator.swift */,
				CFAF66272AE072EE0061DE1A /* FibNumbersCalculator.swift */,
			);
			path = Calculators;
			sourceTree = "<group>";
		};
/* End PBXGroup section */

/* Begin PBXNativeTarget section */
		CF2916282AE030E400DB2CB4 /* NumbersGenerator */ = {
			isa = PBXNativeTarget;
			buildConfigurationList = CF29163D2AE030E500DB2CB4 /* Build configuration list for PBXNativeTarget "NumbersGenerator" */;
			buildPhases = (
				CF2916252AE030E400DB2CB4 /* Sources */,
				CF2916262AE030E400DB2CB4 /* Frameworks */,
				CF2916272AE030E400DB2CB4 /* Resources */,
			);
			buildRules = (
			);
			dependencies = (
			);
			name = NumbersGenerator;
			productName = NumbersGenerator;
			productReference = CF2916292AE030E400DB2CB4 /* NumbersGenerator.app */;
			productType = "com.apple.product-type.application";
		};
/* End PBXNativeTarget section */

/* Begin PBXProject section */
		CF2916212AE030E400DB2CB4 /* Project object */ = {
			isa = PBXProject;
			attributes = {
				BuildIndependentTargetsInParallel = 1;
				LastSwiftUpdateCheck = 1430;
				LastUpgradeCheck = 1430;
				TargetAttributes = {
					CF2916282AE030E400DB2CB4 = {
						CreatedOnToolsVersion = 14.3;
					};
				};
			};
			buildConfigurationList = CF2916242AE030E400DB2CB4 /* Build configuration list for PBXProject "NumbersGenerator" */;
			compatibilityVersion = "Xcode 14.0";
			developmentRegion = en;
			hasScannedForEncodings = 0;
			knownRegions = (
				en,
				Base,
			);
			mainGroup = CF2916202AE030E400DB2CB4;
			productRefGroup = CF29162A2AE030E400DB2CB4 /* Products */;
			projectDirPath = "";
			projectRoot = "";
			targets = (
				CF2916282AE030E400DB2CB4 /* NumbersGenerator */,
			);
		};
/* End PBXProject section */

/* Begin PBXResourcesBuildPhase section */
		CF2916272AE030E400DB2CB4 /* Resources */ = {
			isa = PBXResourcesBuildPhase;
			buildActionMask = 2147483647;
			files = (
				CF2916392AE030E500DB2CB4 /* LaunchScreen.storyboard in Resources */,
				CF2916362AE030E500DB2CB4 /* Assets.xcassets in Resources */,
			);
			runOnlyForDeploymentPostprocessing = 0;
		};
/* End PBXResourcesBuildPhase section */

/* Begin PBXSourcesBuildPhase section */
		CF2916252AE030E400DB2CB4 /* Sources */ = {
			isa = PBXSourcesBuildPhase;
			buildActionMask = 2147483647;
			files = (
				CF2916612AE049E000DB2CB4 /* ISimpleNumbersInteractor.swift in Sources */,
				CF29165C2AE0488000DB2CB4 /* Strings.swift in Sources */,
				CF2916632AE04A2A00DB2CB4 /* ISimpleNumbersViewOut.swift in Sources */,
				CF2916582AE044D600DB2CB4 /* Colors.swift in Sources */,
				CF2916672AE04AE300DB2CB4 /* NumbersPresenter.swift in Sources */,
				CF29164C2AE035FC00DB2CB4 /* BaseNumbersController.swift in Sources */,
				CF2916532AE03AD100DB2CB4 /* StatableCell.swift in Sources */,
				CF68D8682AE15E950045731A /* ICalculator.swift in Sources */,
				CF29165E2AE049B700DB2CB4 /* NumbersInteractor.swift in Sources */,
				CF2916552AE03D7300DB2CB4 /* NumbersView.swift in Sources */,
				CF29166B2AE0554500DB2CB4 /* SimpleNumbersCalculator.swift in Sources */,
				CF2916692AE04B8600DB2CB4 /* NumbersAssembly.swift in Sources */,
				CF29162D2AE030E400DB2CB4 /* AppDelegate.swift in Sources */,
				CF29162F2AE030E400DB2CB4 /* SceneDelegate.swift in Sources */,
				CF29164F2AE038DA00DB2CB4 /* NumberCell.swift in Sources */,
				CF2916652AE04AB500DB2CB4 /* ISimpleNumbersView.swift in Sources */,
				CFAF66282AE072EE0061DE1A /* FibNumbersCalculator.swift in Sources */,
				CF29166D2AE05A5F00DB2CB4 /* ISimpleNumbersInterOut.swift in Sources */,
				CF2916512AE03A6D00DB2CB4 /* UIState.swift in Sources */,
			);
			runOnlyForDeploymentPostprocessing = 0;
		};
/* End PBXSourcesBuildPhase section */

/* Begin PBXVariantGroup section */
		CF2916372AE030E500DB2CB4 /* LaunchScreen.storyboard */ = {
			isa = PBXVariantGroup;
			children = (
				CF2916382AE030E500DB2CB4 /* Base */,
			);
			name = LaunchScreen.storyboard;
			sourceTree = "<group>";
		};
/* End PBXVariantGroup section */

/* Begin XCBuildConfiguration section */
		CF29163B2AE030E500DB2CB4 /* Debug */ = {
			isa = XCBuildConfiguration;
			buildSettings = {
				ALWAYS_SEARCH_USER_PATHS = NO;
				CLANG_ANALYZER_NONNULL = YES;
				CLANG_ANALYZER_NUMBER_OBJECT_CONVERSION = YES_AGGRESSIVE;
				CLANG_CXX_LANGUAGE_STANDARD = "gnu++20";
				CLANG_ENABLE_MODULES = YES;
				CLANG_ENABLE_OBJC_ARC = YES;
				CLANG_ENABLE_OBJC_WEAK = YES;
				CLANG_WARN_BLOCK_CAPTURE_AUTORELEASING = YES;
				CLANG_WARN_BOOL_CONVERSION = YES;
				CLANG_WARN_COMMA = YES;
				CLANG_WARN_CONSTANT_CONVERSION = YES;
				CLANG_WARN_DEPRECATED_OBJC_IMPLEMENTATIONS = YES;
				CLANG_WARN_DIRECT_OBJC_ISA_USAGE = YES_ERROR;
				CLANG_WARN_DOCUMENTATION_COMMENTS = YES;
				CLANG_WARN_EMPTY_BODY = YES;
				CLANG_WARN_ENUM_CONVERSION = YES;
				CLANG_WARN_INFINITE_RECURSION = YES;
				CLANG_WARN_INT_CONVERSION = YES;
				CLANG_WARN_NON_LITERAL_NULL_CONVERSION = YES;
				CLANG_WARN_OBJC_IMPLICIT_RETAIN_SELF = YES;
				CLANG_WARN_OBJC_LITERAL_CONVERSION = YES;
				CLANG_WARN_OBJC_ROOT_CLASS = YES_ERROR;
				CLANG_WARN_QUOTED_INCLUDE_IN_FRAMEWORK_HEADER = YES;
				CLANG_WARN_RANGE_LOOP_ANALYSIS = YES;
				CLANG_WARN_STRICT_PROTOTYPES = YES;
				CLANG_WARN_SUSPICIOUS_MOVE = YES;
				CLANG_WARN_UNGUARDED_AVAILABILITY = YES_AGGRESSIVE;
				CLANG_WARN_UNREACHABLE_CODE = YES;
				CLANG_WARN__DUPLICATE_METHOD_MATCH = YES;
				COPY_PHASE_STRIP = NO;
				DEBUG_INFORMATION_FORMAT = dwarf;
				ENABLE_STRICT_OBJC_MSGSEND = YES;
				ENABLE_TESTABILITY = YES;
				GCC_C_LANGUAGE_STANDARD = gnu11;
				GCC_DYNAMIC_NO_PIC = NO;
				GCC_NO_COMMON_BLOCKS = YES;
				GCC_OPTIMIZATION_LEVEL = 0;
				GCC_PREPROCESSOR_DEFINITIONS = (
					"DEBUG=1",
					"$(inherited)",
				);
				GCC_WARN_64_TO_32_BIT_CONVERSION = YES;
				GCC_WARN_ABOUT_RETURN_TYPE = YES_ERROR;
				GCC_WARN_UNDECLARED_SELECTOR = YES;
				GCC_WARN_UNINITIALIZED_AUTOS = YES_AGGRESSIVE;
				GCC_WARN_UNUSED_FUNCTION = YES;
				GCC_WARN_UNUSED_VARIABLE = YES;
				IPHONEOS_DEPLOYMENT_TARGET = 14.0;
				MTL_ENABLE_DEBUG_INFO = INCLUDE_SOURCE;
				MTL_FAST_MATH = YES;
				ONLY_ACTIVE_ARCH = YES;
				SDKROOT = iphoneos;
				SWIFT_ACTIVE_COMPILATION_CONDITIONS = DEBUG;
				SWIFT_OPTIMIZATION_LEVEL = "-Onone";
			};
			name = Debug;
		};
		CF29163C2AE030E500DB2CB4 /* Release */ = {
			isa = XCBuildConfiguration;
			buildSettings = {
				ALWAYS_SEARCH_USER_PATHS = NO;
				CLANG_ANALYZER_NONNULL = YES;
				CLANG_ANALYZER_NUMBER_OBJECT_CONVERSION = YES_AGGRESSIVE;
				CLANG_CXX_LANGUAGE_STANDARD = "gnu++20";
				CLANG_ENABLE_MODULES = YES;
				CLANG_ENABLE_OBJC_ARC = YES;
				CLANG_ENABLE_OBJC_WEAK = YES;
				CLANG_WARN_BLOCK_CAPTURE_AUTORELEASING = YES;
				CLANG_WARN_BOOL_CONVERSION = YES;
				CLANG_WARN_COMMA = YES;
				CLANG_WARN_CONSTANT_CONVERSION = YES;
				CLANG_WARN_DEPRECATED_OBJC_IMPLEMENTATIONS = YES;
				CLANG_WARN_DIRECT_OBJC_ISA_USAGE = YES_ERROR;
				CLANG_WARN_DOCUMENTATION_COMMENTS = YES;
				CLANG_WARN_EMPTY_BODY = YES;
				CLANG_WARN_ENUM_CONVERSION = YES;
				CLANG_WARN_INFINITE_RECURSION = YES;
				CLANG_WARN_INT_CONVERSION = YES;
				CLANG_WARN_NON_LITERAL_NULL_CONVERSION = YES;
				CLANG_WARN_OBJC_IMPLICIT_RETAIN_SELF = YES;
				CLANG_WARN_OBJC_LITERAL_CONVERSION = YES;
				CLANG_WARN_OBJC_ROOT_CLASS = YES_ERROR;
				CLANG_WARN_QUOTED_INCLUDE_IN_FRAMEWORK_HEADER = YES;
				CLANG_WARN_RANGE_LOOP_ANALYSIS = YES;
				CLANG_WARN_STRICT_PROTOTYPES = YES;
				CLANG_WARN_SUSPICIOUS_MOVE = YES;
				CLANG_WARN_UNGUARDED_AVAILABILITY = YES_AGGRESSIVE;
				CLANG_WARN_UNREACHABLE_CODE = YES;
				CLANG_WARN__DUPLICATE_METHOD_MATCH = YES;
				COPY_PHASE_STRIP = NO;
				DEBUG_INFORMATION_FORMAT = "dwarf-with-dsym";
				ENABLE_NS_ASSERTIONS = NO;
				ENABLE_STRICT_OBJC_MSGSEND = YES;
				GCC_C_LANGUAGE_STANDARD = gnu11;
				GCC_NO_COMMON_BLOCKS = YES;
				GCC_WARN_64_TO_32_BIT_CONVERSION = YES;
				GCC_WARN_ABOUT_RETURN_TYPE = YES_ERROR;
				GCC_WARN_UNDECLARED_SELECTOR = YES;
				GCC_WARN_UNINITIALIZED_AUTOS = YES_AGGRESSIVE;
				GCC_WARN_UNUSED_FUNCTION = YES;
				GCC_WARN_UNUSED_VARIABLE = YES;
				IPHONEOS_DEPLOYMENT_TARGET = 14.0;
				MTL_ENABLE_DEBUG_INFO = NO;
				MTL_FAST_MATH = YES;
				SDKROOT = iphoneos;
				SWIFT_COMPILATION_MODE = wholemodule;
				SWIFT_OPTIMIZATION_LEVEL = "-O";
				VALIDATE_PRODUCT = YES;
			};
			name = Release;
		};
		CF29163E2AE030E500DB2CB4 /* Debug */ = {
			isa = XCBuildConfiguration;
			buildSettings = {
				ASSETCATALOG_COMPILER_APPICON_NAME = AppIcon;
				ASSETCATALOG_COMPILER_GLOBAL_ACCENT_COLOR_NAME = AccentColor;
				CODE_SIGN_STYLE = Automatic;
				CURRENT_PROJECT_VERSION = 1;
				DEVELOPMENT_TEAM = T6TJTC922S;
				GENERATE_INFOPLIST_FILE = YES;
				INFOPLIST_FILE = NumbersGenerator/Configuration/Info.plist;
				INFOPLIST_KEY_UIApplicationSupportsIndirectInputEvents = YES;
				INFOPLIST_KEY_UILaunchStoryboardName = LaunchScreen;
				INFOPLIST_KEY_UISupportedInterfaceOrientations_iPad = "UIInterfaceOrientationPortrait UIInterfaceOrientationPortraitUpsideDown UIInterfaceOrientationLandscapeLeft UIInterfaceOrientationLandscapeRight";
				INFOPLIST_KEY_UISupportedInterfaceOrientations_iPhone = "UIInterfaceOrientationPortrait UIInterfaceOrientationLandscapeLeft UIInterfaceOrientationLandscapeRight";
				LD_RUNPATH_SEARCH_PATHS = (
					"$(inherited)",
					"@executable_path/Frameworks",
				);
				MARKETING_VERSION = 1.0;
				PRODUCT_BUNDLE_IDENTIFIER = GYM.NumbersGenerator;
				PRODUCT_NAME = "$(TARGET_NAME)";
				SWIFT_EMIT_LOC_STRINGS = YES;
				SWIFT_VERSION = 5.0;
				TARGETED_DEVICE_FAMILY = "1,2";
			};
			name = Debug;
		};
		CF29163F2AE030E500DB2CB4 /* Release */ = {
			isa = XCBuildConfiguration;
			buildSettings = {
				ASSETCATALOG_COMPILER_APPICON_NAME = AppIcon;
				ASSETCATALOG_COMPILER_GLOBAL_ACCENT_COLOR_NAME = AccentColor;
				CODE_SIGN_STYLE = Automatic;
				CURRENT_PROJECT_VERSION = 1;
				DEVELOPMENT_TEAM = T6TJTC922S;
				GENERATE_INFOPLIST_FILE = YES;
				INFOPLIST_FILE = NumbersGenerator/Configuration/Info.plist;
				INFOPLIST_KEY_UIApplicationSupportsIndirectInputEvents = YES;
				INFOPLIST_KEY_UILaunchStoryboardName = LaunchScreen;
				INFOPLIST_KEY_UISupportedInterfaceOrientations_iPad = "UIInterfaceOrientationPortrait UIInterfaceOrientationPortraitUpsideDown UIInterfaceOrientationLandscapeLeft UIInterfaceOrientationLandscapeRight";
				INFOPLIST_KEY_UISupportedInterfaceOrientations_iPhone = "UIInterfaceOrientationPortrait UIInterfaceOrientationLandscapeLeft UIInterfaceOrientationLandscapeRight";
				LD_RUNPATH_SEARCH_PATHS = (
					"$(inherited)",
					"@executable_path/Frameworks",
				);
				MARKETING_VERSION = 1.0;
				PRODUCT_BUNDLE_IDENTIFIER = GYM.NumbersGenerator;
				PRODUCT_NAME = "$(TARGET_NAME)";
				SWIFT_EMIT_LOC_STRINGS = YES;
				SWIFT_VERSION = 5.0;
				TARGETED_DEVICE_FAMILY = "1,2";
			};
			name = Release;
		};
/* End XCBuildConfiguration section */

/* Begin XCConfigurationList section */
		CF2916242AE030E400DB2CB4 /* Build configuration list for PBXProject "NumbersGenerator" */ = {
			isa = XCConfigurationList;
			buildConfigurations = (
				CF29163B2AE030E500DB2CB4 /* Debug */,
				CF29163C2AE030E500DB2CB4 /* Release */,
			);
			defaultConfigurationIsVisible = 0;
			defaultConfigurationName = Release;
		};
		CF29163D2AE030E500DB2CB4 /* Build configuration list for PBXNativeTarget "NumbersGenerator" */ = {
			isa = XCConfigurationList;
			buildConfigurations = (
				CF29163E2AE030E500DB2CB4 /* Debug */,
				CF29163F2AE030E500DB2CB4 /* Release */,
			);
			defaultConfigurationIsVisible = 0;
			defaultConfigurationName = Release;
		};
/* End XCConfigurationList section */
	};
	rootObject = CF2916212AE030E400DB2CB4 /* Project object */;
}
